
Microsoft Visual Studio Solution File, Format Version 12.00
# Visual Studio Version 17
VisualStudioVersion = 17.0.31903.59
MinimumVisualStudioVersion = 10.0.40219.1
Project("{2150E333-8FDC-42A3-9474-1A3956D46DE8}") = "src", "src", "{827E0CD3-B72D-47B6-A68D-7590B98EB39B}"
EndProject
Project("{2150E333-8FDC-42A3-9474-1A3956D46DE8}") = "Domain", "Domain", "{8B290487-4C16-E85E-E807-F579CBE9FC4D}"
EndProject
Project("{FAE04EC0-301F-11D3-BF4B-00C04F79EFBC}") = "CRNAssessment.Domain", "src\Domain\CRNAssessment.Domain.csproj", "{2D82B992-E93D-4792-AECD-8ED5AD766F4F}"
EndProject
Project("{2150E333-8FDC-42A3-9474-1A3956D46DE8}") = "Application", "Application", "{22BAF98C-8415-17C4-B26A-D537657BC863}"
EndProject
Project("{FAE04EC0-301F-11D3-BF4B-00C04F79EFBC}") = "CRNAssessment.Application", "src\Application\CRNAssessment.Application.csproj", "{DEBA921C-67D5-41A8-9F09-73B885AB6F0F}"
EndProject
Project("{2150E333-8FDC-42A3-9474-1A3956D46DE8}") = "Infrastructure", "Infrastructure", "{9048EB7F-3875-A59E-E36B-5BD4C6F2A282}"
EndProject
Project("{FAE04EC0-301F-11D3-BF4B-00C04F79EFBC}") = "CRNAssessment.Infrastructure", "src\Infrastructure\CRNAssessment.Infrastructure.csproj", "{7AF6001D-00FA-4CD9-9F21-35D5E4DC3803}"
EndProject
Project("{2150E333-8FDC-42A3-9474-1A3956D46DE8}") = "API", "API", "{81034408-37C8-1011-444E-4C15C2FADA8E}"
EndProject
Project("{FAE04EC0-301F-11D3-BF4B-00C04F79EFBC}") = "CRNAssessment.API", "src\API\CRNAssessment.API.csproj", "{A315D1EC-9770-4F7A-8374-71CD9502D0B2}"
EndProject
Project("{2150E333-8FDC-42A3-9474-1A3956D46DE8}") = "tests", "tests", "{0AB3BF05-4346-4AA6-1389-037BE0695223}"
EndProject
Project("{2150E333-8FDC-42A3-9474-1A3956D46DE8}") = "API.Tests", "API.Tests", "{C7681E76-71D0-F6B3-CD73-27CBAEE59458}"
EndProject
Project("{FAE04EC0-301F-11D3-BF4B-00C04F79EFBC}") = "CRNAssessment.API.Tests", "tests\API.Tests\CRNAssessment.API.Tests.csproj", "{1513A73C-9611-4BEA-BA0E-8D32466DBB13}"
EndProject
Project("{2150E333-8FDC-42A3-9474-1A3956D46DE8}") = "Application.Tests", "Application.Tests", "{E54C5156-A79F-F12B-3B9F-7475A4B81BB0}"
EndProject
Project("{FAE04EC0-301F-11D3-BF4B-00C04F79EFBC}") = "CRNAssessment.Application.Tests", "tests\Application.Tests\CRNAssessment.Application.Tests.csproj", "{A6C04786-DDFB-4537-919C-D7CD59A2B36D}"
EndProject
Project("{2150E333-8FDC-42A3-9474-1A3956D46DE8}") = "Infrastructure.Tests", "Infrastructure.Tests", "{88F1B7BB-0385-4DEE-AC2C-E0C003E1F585}"
EndProject
Project("{FAE04EC0-301F-11D3-BF4B-00C04F79EFBC}") = "CRNAssessment.Infrastructure.Tests", "tests\Infrastructure.Tests\CRNAssessment.Infrastructure.Tests.csproj", "{952412B4-3DC6-4DFB-870F-51E90AD8A41A}"
EndProject
Global
	GlobalSection(SolutionConfigurationPlatforms) = preSolution
		Debug|Any CPU = Debug|Any CPU
		Debug|x64 = Debug|x64
		Debug|x86 = Debug|x86
		Release|Any CPU = Release|Any CPU
		Release|x64 = Release|x64
		Release|x86 = Release|x86
	EndGlobalSection
	GlobalSection(ProjectConfigurationPlatforms) = postSolution
		{2D82B992-E93D-4792-AECD-8ED5AD766F4F}.Debug|Any CPU.ActiveCfg = Debug|Any CPU
		{2D82B992-E93D-4792-AECD-8ED5AD766F4F}.Debug|Any CPU.Build.0 = Debug|Any CPU
		{2D82B992-E93D-4792-AECD-8ED5AD766F4F}.Debug|x64.ActiveCfg = Debug|Any CPU
		{2D82B992-E93D-4792-AECD-8ED5AD766F4F}.Debug|x64.Build.0 = Debug|Any CPU
		{2D82B992-E93D-4792-AECD-8ED5AD766F4F}.Debug|x86.ActiveCfg = Debug|Any CPU
		{2D82B992-E93D-4792-AECD-8ED5AD766F4F}.Debug|x86.Build.0 = Debug|Any CPU
		{2D82B992-E93D-4792-AECD-8ED5AD766F4F}.Release|Any CPU.ActiveCfg = Release|Any CPU
		{2D82B992-E93D-4792-AECD-8ED5AD766F4F}.Release|Any CPU.Build.0 = Release|Any CPU
		{2D82B992-E93D-4792-AECD-8ED5AD766F4F}.Release|x64.ActiveCfg = Release|Any CPU
		{2D82B992-E93D-4792-AECD-8ED5AD766F4F}.Release|x64.Build.0 = Release|Any CPU
		{2D82B992-E93D-4792-AECD-8ED5AD766F4F}.Release|x86.ActiveCfg = Release|Any CPU
		{2D82B992-E93D-4792-AECD-8ED5AD766F4F}.Release|x86.Build.0 = Release|Any CPU
		{DEBA921C-67D5-41A8-9F09-73B885AB6F0F}.Debug|Any CPU.ActiveCfg = Debug|Any CPU
		{DEBA921C-67D5-41A8-9F09-73B885AB6F0F}.Debug|Any CPU.Build.0 = Debug|Any CPU
		{DEBA921C-67D5-41A8-9F09-73B885AB6F0F}.Debug|x64.ActiveCfg = Debug|Any CPU
		{DEBA921C-67D5-41A8-9F09-73B885AB6F0F}.Debug|x64.Build.0 = Debug|Any CPU
		{DEBA921C-67D5-41A8-9F09-73B885AB6F0F}.Debug|x86.ActiveCfg = Debug|Any CPU
		{DEBA921C-67D5-41A8-9F09-73B885AB6F0F}.Debug|x86.Build.0 = Debug|Any CPU
		{DEBA921C-67D5-41A8-9F09-73B885AB6F0F}.Release|Any CPU.ActiveCfg = Release|Any CPU
		{DEBA921C-67D5-41A8-9F09-73B885AB6F0F}.Release|Any CPU.Build.0 = Release|Any CPU
		{DEBA921C-67D5-41A8-9F09-73B885AB6F0F}.Release|x64.ActiveCfg = Release|Any CPU
		{DEBA921C-67D5-41A8-9F09-73B885AB6F0F}.Release|x64.Build.0 = Release|Any CPU
		{DEBA921C-67D5-41A8-9F09-73B885AB6F0F}.Release|x86.ActiveCfg = Release|Any CPU
		{DEBA921C-67D5-41A8-9F09-73B885AB6F0F}.Release|x86.Build.0 = Release|Any CPU
		{7AF6001D-00FA-4CD9-9F21-35D5E4DC3803}.Debug|Any CPU.ActiveCfg = Debug|Any CPU
		{7AF6001D-00FA-4CD9-9F21-35D5E4DC3803}.Debug|Any CPU.Build.0 = Debug|Any CPU
		{7AF6001D-00FA-4CD9-9F21-35D5E4DC3803}.Debug|x64.ActiveCfg = Debug|Any CPU
		{7AF6001D-00FA-4CD9-9F21-35D5E4DC3803}.Debug|x64.Build.0 = Debug|Any CPU
		{7AF6001D-00FA-4CD9-9F21-35D5E4DC3803}.Debug|x86.ActiveCfg = Debug|Any CPU
		{7AF6001D-00FA-4CD9-9F21-35D5E4DC3803}.Debug|x86.Build.0 = Debug|Any CPU
		{7AF6001D-00FA-4CD9-9F21-35D5E4DC3803}.Release|Any CPU.ActiveCfg = Release|Any CPU
		{7AF6001D-00FA-4CD9-9F21-35D5E4DC3803}.Release|Any CPU.Build.0 = Release|Any CPU
		{7AF6001D-00FA-4CD9-9F21-35D5E4DC3803}.Release|x64.ActiveCfg = Release|Any CPU
		{7AF6001D-00FA-4CD9-9F21-35D5E4DC3803}.Release|x64.Build.0 = Release|Any CPU
		{7AF6001D-00FA-4CD9-9F21-35D5E4DC3803}.Release|x86.ActiveCfg = Release|Any CPU
		{7AF6001D-00FA-4CD9-9F21-35D5E4DC3803}.Release|x86.Build.0 = Release|Any CPU
		{A315D1EC-9770-4F7A-8374-71CD9502D0B2}.Debug|Any CPU.ActiveCfg = Debug|Any CPU
		{A315D1EC-9770-4F7A-8374-71CD9502D0B2}.Debug|Any CPU.Build.0 = Debug|Any CPU
		{A315D1EC-9770-4F7A-8374-71CD9502D0B2}.Debug|x64.ActiveCfg = Debug|Any CPU
		{A315D1EC-9770-4F7A-8374-71CD9502D0B2}.Debug|x64.Build.0 = Debug|Any CPU
		{A315D1EC-9770-4F7A-8374-71CD9502D0B2}.Debug|x86.ActiveCfg = Debug|Any CPU
		{A315D1EC-9770-4F7A-8374-71CD9502D0B2}.Debug|x86.Build.0 = Debug|Any CPU
		{A315D1EC-9770-4F7A-8374-71CD9502D0B2}.Release|Any CPU.ActiveCfg = Release|Any CPU
		{A315D1EC-9770-4F7A-8374-71CD9502D0B2}.Release|Any CPU.Build.0 = Release|Any CPU
		{A315D1EC-9770-4F7A-8374-71CD9502D0B2}.Release|x64.ActiveCfg = Release|Any CPU
		{A315D1EC-9770-4F7A-8374-71CD9502D0B2}.Release|x64.Build.0 = Release|Any CPU
		{A315D1EC-9770-4F7A-8374-71CD9502D0B2}.Release|x86.ActiveCfg = Release|Any CPU
		{A315D1EC-9770-4F7A-8374-71CD9502D0B2}.Release|x86.Build.0 = Release|Any CPU
		{1513A73C-9611-4BEA-BA0E-8D32466DBB13}.Debug|Any CPU.ActiveCfg = Debug|Any CPU
		{1513A73C-9611-4BEA-BA0E-8D32466DBB13}.Debug|Any CPU.Build.0 = Debug|Any CPU
		{1513A73C-9611-4BEA-BA0E-8D32466DBB13}.Debug|x64.ActiveCfg = Debug|Any CPU
		{1513A73C-9611-4BEA-BA0E-8D32466DBB13}.Debug|x64.Build.0 = Debug|Any CPU
		{1513A73C-9611-4BEA-BA0E-8D32466DBB13}.Debug|x86.ActiveCfg = Debug|Any CPU
		{1513A73C-9611-4BEA-BA0E-8D32466DBB13}.Debug|x86.Build.0 = Debug|Any CPU
		{1513A73C-9611-4BEA-BA0E-8D32466DBB13}.Release|Any CPU.ActiveCfg = Release|Any CPU
		{1513A73C-9611-4BEA-BA0E-8D32466DBB13}.Release|Any CPU.Build.0 = Release|Any CPU
		{1513A73C-9611-4BEA-BA0E-8D32466DBB13}.Release|x64.ActiveCfg = Release|Any CPU
		{1513A73C-9611-4BEA-BA0E-8D32466DBB13}.Release|x64.Build.0 = Release|Any CPU
		{1513A73C-9611-4BEA-BA0E-8D32466DBB13}.Release|x86.ActiveCfg = Release|Any CPU
		{1513A73C-9611-4BEA-BA0E-8D32466DBB13}.Release|x86.Build.0 = Release|Any CPU
		{A6C04786-DDFB-4537-919C-D7CD59A2B36D}.Debug|Any CPU.ActiveCfg = Debug|Any CPU
		{A6C04786-DDFB-4537-919C-D7CD59A2B36D}.Debug|Any CPU.Build.0 = Debug|Any CPU
		{A6C04786-DDFB-4537-919C-D7CD59A2B36D}.Debug|x64.ActiveCfg = Debug|Any CPU
		{A6C04786-DDFB-4537-919C-D7CD59A2B36D}.Debug|x64.Build.0 = Debug|Any CPU
		{A6C04786-DDFB-4537-919C-D7CD59A2B36D}.Debug|x86.ActiveCfg = Debug|Any CPU
		{A6C04786-DDFB-4537-919C-D7CD59A2B36D}.Debug|x86.Build.0 = Debug|Any CPU
		{A6C04786-DDFB-4537-919C-D7CD59A2B36D}.Release|Any CPU.ActiveCfg = Release|Any CPU
		{A6C04786-DDFB-4537-919C-D7CD59A2B36D}.Release|Any CPU.Build.0 = Release|Any CPU
		{A6C04786-DDFB-4537-919C-D7CD59A2B36D}.Release|x64.ActiveCfg = Release|Any CPU
		{A6C04786-DDFB-4537-919C-D7CD59A2B36D}.Release|x64.Build.0 = Release|Any CPU
		{A6C04786-DDFB-4537-919C-D7CD59A2B36D}.Release|x86.ActiveCfg = Release|Any CPU
		{A6C04786-DDFB-4537-919C-D7CD59A2B36D}.Release|x86.Build.0 = Release|Any CPU
		{952412B4-3DC6-4DFB-870F-51E90AD8A41A}.Debug|Any CPU.ActiveCfg = Debug|Any CPU
		{952412B4-3DC6-4DFB-870F-51E90AD8A41A}.Debug|Any CPU.Build.0 = Debug|Any CPU
		{952412B4-3DC6-4DFB-870F-51E90AD8A41A}.Debug|x64.ActiveCfg = Debug|Any CPU
		{952412B4-3DC6-4DFB-870F-51E90AD8A41A}.Debug|x64.Build.0 = Debug|Any CPU
		{952412B4-3DC6-4DFB-870F-51E90AD8A41A}.Debug|x86.ActiveCfg = Debug|Any CPU
		{952412B4-3DC6-4DFB-870F-51E90AD8A41A}.Debug|x86.Build.0 = Debug|Any CPU
		{952412B4-3DC6-4DFB-870F-51E90AD8A41A}.Release|Any CPU.ActiveCfg = Release|Any CPU
		{952412B4-3DC6-4DFB-870F-51E90AD8A41A}.Release|Any CPU.Build.0 = Release|Any CPU
		{952412B4-3DC6-4DFB-870F-51E90AD8A41A}.Release|x64.ActiveCfg = Release|Any CPU
		{952412B4-3DC6-4DFB-870F-51E90AD8A41A}.Release|x64.Build.0 = Release|Any CPU
		{952412B4-3DC6-4DFB-870F-51E90AD8A41A}.Release|x86.ActiveCfg = Release|Any CPU
		{952412B4-3DC6-4DFB-870F-51E90AD8A41A}.Release|x86.Build.0 = Release|Any CPU
	EndGlobalSection
	GlobalSection(SolutionProperties) = preSolution
		HideSolutionNode = FALSE
	EndGlobalSection
	GlobalSection(NestedProjects) = preSolution
		{8B290487-4C16-E85E-E807-F579CBE9FC4D} = {827E0CD3-B72D-47B6-A68D-7590B98EB39B}
		{2D82B992-E93D-4792-AECD-8ED5AD766F4F} = {8B290487-4C16-E85E-E807-F579CBE9FC4D}
		{22BAF98C-8415-17C4-B26A-D537657BC863} = {827E0CD3-B72D-47B6-A68D-7590B98EB39B}
		{DEBA921C-67D5-41A8-9F09-73B885AB6F0F} = {22BAF98C-8415-17C4-B26A-D537657BC863}
		{9048EB7F-3875-A59E-E36B-5BD4C6F2A282} = {827E0CD3-B72D-47B6-A68D-7590B98EB39B}
		{7AF6001D-00FA-4CD9-9F21-35D5E4DC3803} = {9048EB7F-3875-A59E-E36B-5BD4C6F2A282}
		{81034408-37C8-1011-444E-4C15C2FADA8E} = {827E0CD3-B72D-47B6-A68D-7590B98EB39B}
		{A315D1EC-9770-4F7A-8374-71CD9502D0B2} = {81034408-37C8-1011-444E-4C15C2FADA8E}
		{C7681E76-71D0-F6B3-CD73-27CBAEE59458} = {0AB3BF05-4346-4AA6-1389-037BE0695223}
		{1513A73C-9611-4BEA-BA0E-8D32466DBB13} = {C7681E76-71D0-F6B3-CD73-27CBAEE59458}
		{E54C5156-A79F-F12B-3B9F-7475A4B81BB0} = {0AB3BF05-4346-4AA6-1389-037BE0695223}
		{A6C04786-DDFB-4537-919C-D7CD59A2B36D} = {E54C5156-A79F-F12B-3B9F-7475A4B81BB0}
		{88F1B7BB-0385-4DEE-AC2C-E0C003E1F585} = {0AB3BF05-4346-4AA6-1389-037BE0695223}
		{952412B4-3DC6-4DFB-870F-51E90AD8A41A} = {88F1B7BB-0385-4DEE-AC2C-E0C003E1F585}
	EndGlobalSection
EndGlobal
